
Microsoft Visual Studio Solution File, Format Version 12.00
# Visual Studio 15
VisualStudioVersion = 15.0.28307.705
MinimumVisualStudioVersion = 10.0.40219.1
Project("{FAE04EC0-301F-11D3-BF4B-00C04F79EFBC}") = "pruebaGitHub1", "pruebaGitHub1\pruebaGitHub1.csproj", "{C41FC6E3-C5CF-4A20-978A-80F8F5FF947B}"
EndProject
Global
	GlobalSection(SolutionConfigurationPlatforms) = preSolution
		Debug|Any CPU = Debug|Any CPU
		Release|Any CPU = Release|Any CPU
	EndGlobalSection
	GlobalSection(ProjectConfigurationPlatforms) = postSolution
		{C41FC6E3-C5CF-4A20-978A-80F8F5FF947B}.Debug|Any CPU.ActiveCfg = Debug|Any CPU
		{C41FC6E3-C5CF-4A20-978A-80F8F5FF947B}.Debug|Any CPU.Build.0 = Debug|Any CPU
		{C41FC6E3-C5CF-4A20-978A-80F8F5FF947B}.Release|Any CPU.ActiveCfg = Release|Any CPU
		{C41FC6E3-C5CF-4A20-978A-80F8F5FF947B}.Release|Any CPU.Build.0 = Release|Any CPU
	EndGlobalSection
	GlobalSection(SolutionProperties) = preSolution
		HideSolutionNode = FALSE
	EndGlobalSection
	GlobalSection(ExtensibilityGlobals) = postSolution
		SolutionGuid = {6501D7D2-1977-4E9F-8204-D69D1B67EB83}
	EndGlobalSection
EndGlobal
